
Microsoft Visual Studio Solution File, Format Version 12.00
Project("{FAE04EC0-301F-11D3-BF4B-00C04F79EFBC}") = "YEInvStressTester", "YEInvStressTester.csproj", "{C870A1D9-2F35-4A22-8E5F-47FA83927583}"
EndProject
Global
	GlobalSection(SolutionConfigurationPlatforms) = preSolution
		Debug|Any CPU = Debug|Any CPU
		Release|Any CPU = Release|Any CPU
	EndGlobalSection
	GlobalSection(ProjectConfigurationPlatforms) = postSolution
		{C870A1D9-2F35-4A22-8E5F-47FA83927583}.Debug|Any CPU.ActiveCfg = Debug|Any CPU
		{C870A1D9-2F35-4A22-8E5F-47FA83927583}.Debug|Any CPU.Build.0 = Debug|Any CPU
		{C870A1D9-2F35-4A22-8E5F-47FA83927583}.Release|Any CPU.ActiveCfg = Release|Any CPU
		{C870A1D9-2F35-4A22-8E5F-47FA83927583}.Release|Any CPU.Build.0 = Release|Any CPU
	EndGlobalSection
EndGlobal
